
Microsoft Visual Studio Solution File, Format Version 12.00
Project("{FAE04EC0-301F-11D3-BF4B-00C04F79EFBC}") = "GameServer", "GameServer\GameServer.csproj", "{5938A53E-DA2E-43EC-AED1-58AECB33DC96}"
EndProject
Global
	GlobalSection(SolutionConfigurationPlatforms) = preSolution
		Debug|Any CPU = Debug|Any CPU
		Release|Any CPU = Release|Any CPU
	EndGlobalSection
	GlobalSection(ProjectConfigurationPlatforms) = postSolution
		{5938A53E-DA2E-43EC-AED1-58AECB33DC96}.Debug|Any CPU.ActiveCfg = Debug|Any CPU
		{5938A53E-DA2E-43EC-AED1-58AECB33DC96}.Debug|Any CPU.Build.0 = Debug|Any CPU
		{5938A53E-DA2E-43EC-AED1-58AECB33DC96}.Release|Any CPU.ActiveCfg = Release|Any CPU
		{5938A53E-DA2E-43EC-AED1-58AECB33DC96}.Release|Any CPU.Build.0 = Release|Any CPU
	EndGlobalSection
EndGlobal
